# This file is automatically @generated by Wally.
# It is not intended for manual editing.
registry = "test"

[[package]]
name = "averyark/stella"
version = "0.0.1"
dependencies = [["BoatTween", "penguindevs/boattween-fork@1.0.3"], ["Janitor", "howmanysmall/janitor@1.15.5"], ["ProfileService", "brittonfischer/profileservice@2.1.5"], ["Promise", "lukadev-0/typed-promise@4.0.2"], ["Signal", "sleitnick/signal@1.5.0"], ["iris", "synthranger/iris@0.1.1"], ["squash", "data-oriented-house/squash@1.1.5"], ["t", "osyrisrblx/t@3.0.0"]]

[[package]]
name = "brittonfischer/profileservice"
version = "2.1.5"
dependencies = []

[[package]]
name = "data-oriented-house/squash"
version = "1.1.5"
dependencies = []

[[package]]
name = "evaera/promise"
version = "4.0.0"
dependencies = []

[[package]]
name = "howmanysmall/janitor"
version = "1.15.5"
dependencies = [["Promise", "evaera/promise@4.0.0"]]

[[package]]
name = "lukadev-0/typed-promise"
version = "4.0.2"
dependencies = [["Promise", "evaera/promise@4.0.0"]]

[[package]]
name = "osyrisrblx/t"
version = "3.0.0"
dependencies = []

[[package]]
name = "penguindevs/boattween-fork"
version = "1.0.3"
dependencies = [["Signal", "sleitnick/signal@1.5.0"]]

[[package]]
name = "sleitnick/signal"
version = "1.5.0"
dependencies = []

[[package]]
name = "synthranger/iris"
version = "0.1.1"
dependencies = []
